Microsoft Visual Studio Solution File, Format Version 12.00
# Visual Studio Version 17
VisualStudioVersion = 17.5.2.0
MinimumVisualStudioVersion = 10.0.40219.1
Project("{FAE04EC0-301F-11D3-BF4B-00C04F79EFBC}") = "AzureSecretRotator", "AzureSecretRotator.csproj", "{DCAD10B9-AA0D-1483-D9FC-AC916F624FA9}"
EndProject
Global
	GlobalSection(SolutionConfigurationPlatforms) = preSolution
		Debug|Any CPU = Debug|Any CPU
		Release|Any CPU = Release|Any CPU
	EndGlobalSection
	GlobalSection(ProjectConfigurationPlatforms) = postSolution
		{DCAD10B9-AA0D-1483-D9FC-AC916F624FA9}.Debug|Any CPU.ActiveCfg = Debug|Any CPU
		{DCAD10B9-AA0D-1483-D9FC-AC916F624FA9}.Debug|Any CPU.Build.0 = Debug|Any CPU
		{DCAD10B9-AA0D-1483-D9FC-AC916F624FA9}.Release|Any CPU.ActiveCfg = Release|Any CPU
		{DCAD10B9-AA0D-1483-D9FC-AC916F624FA9}.Release|Any CPU.Build.0 = Release|Any CPU
	EndGlobalSection
	GlobalSection(SolutionProperties) = preSolution
		HideSolutionNode = FALSE
	EndGlobalSection
	GlobalSection(ExtensibilityGlobals) = postSolution
		SolutionGuid = {15A83812-706C-4A43-97C3-968523B28202}
	EndGlobalSection
EndGlobal
